
Microsoft Visual Studio Solution File, Format Version 12.00
# Visual Studio Version 17
VisualStudioVersion = 17.9.34723.18
MinimumVisualStudioVersion = 10.0.40219.1
Project("{9A19103F-16F7-4668-BE54-9A1E7A4F7556}") = "SudokuSolver", "SudokuSolver\SudokuSolver.csproj", "{35575B5C-FADB-4F30-85BB-EFE70860ABC1}"
EndProject
Project("{2150E333-8FDC-42A3-9474-1A3956D46DE8}") = "Benchmarks", "Benchmarks", "{069C67E9-B21A-4C20-9D18-562DA9326703}"
	ProjectSection(SolutionItems) = preProject
		Benchmarks\README.md = Benchmarks\README.md
	EndProjectSection
EndProject
Project("{9A19103F-16F7-4668-BE54-9A1E7A4F7556}") = "SudokuSolver.Tests", "SudokuSolver.Tests\SudokuSolver.Tests.csproj", "{561BB1DE-4F85-445A-B602-224AD537377B}"
EndProject
Project("{2150E333-8FDC-42A3-9474-1A3956D46DE8}") = "Solution Items", "Solution Items", "{F497AFC9-36B8-4A2D-B70F-E47E34EC254F}"
	ProjectSection(SolutionItems) = preProject
		.gitignore = .gitignore
		.github\dotnet-desktop.yml = .github\dotnet-desktop.yml
		LICENSE.txt = LICENSE.txt
		README.md = README.md
	EndProjectSection
EndProject
Project("{2150E333-8FDC-42A3-9474-1A3956D46DE8}") = "David-Carmel", "David-Carmel", "{8699A9C1-A6E2-43B7-B034-F575AB4D2C0A}"
	ProjectSection(SolutionItems) = preProject
		Benchmarks\David-Carmel\11puzzles.txt = Benchmarks\David-Carmel\11puzzles.txt
		Benchmarks\David-Carmel\95puzzles.txt = Benchmarks\David-Carmel\95puzzles.txt
		Benchmarks\David-Carmel\mypuzzles.txt = Benchmarks\David-Carmel\mypuzzles.txt
		Benchmarks\David-Carmel\timan.txt = Benchmarks\David-Carmel\timan.txt
	EndProjectSection
EndProject
Project("{2150E333-8FDC-42A3-9474-1A3956D46DE8}") = "3M-Sudoku", "3M-Sudoku", "{A8AD45CF-BFB8-4F2E-B5B2-4B769E0B7862}"
	ProjectSection(SolutionItems) = preProject
		Benchmarks\3M-Sudoku\3m-sudoku.txt = Benchmarks\3M-Sudoku\3m-sudoku.txt
	EndProjectSection
EndProject
Project("{2150E333-8FDC-42A3-9474-1A3956D46DE8}") = "Sudoku-Hard", "Sudoku-Hard", "{3D5FFF8D-498C-4D6A-90B3-976630D82915}"
	ProjectSection(SolutionItems) = preProject
		Benchmarks\Sudoku-Hard\sudoku-hard.txt = Benchmarks\Sudoku-Hard\sudoku-hard.txt
	EndProjectSection
EndProject
Project("{2150E333-8FDC-42A3-9474-1A3956D46DE8}") = "Mike", "Mike", "{F54E9389-73E7-408F-8AA1-619497AB5B85}"
	ProjectSection(SolutionItems) = preProject
		Benchmarks\Mike\mike.txt = Benchmarks\Mike\mike.txt
	EndProjectSection
EndProject
Global
	GlobalSection(SolutionConfigurationPlatforms) = preSolution
		Debug|Any CPU = Debug|Any CPU
		Debug|x64 = Debug|x64
		Release|Any CPU = Release|Any CPU
		Release|x64 = Release|x64
	EndGlobalSection
	GlobalSection(ProjectConfigurationPlatforms) = postSolution
		{35575B5C-FADB-4F30-85BB-EFE70860ABC1}.Debug|Any CPU.ActiveCfg = Debug|Any CPU
		{35575B5C-FADB-4F30-85BB-EFE70860ABC1}.Debug|Any CPU.Build.0 = Debug|Any CPU
		{35575B5C-FADB-4F30-85BB-EFE70860ABC1}.Debug|x64.ActiveCfg = Debug|x64
		{35575B5C-FADB-4F30-85BB-EFE70860ABC1}.Debug|x64.Build.0 = Debug|x64
		{35575B5C-FADB-4F30-85BB-EFE70860ABC1}.Release|Any CPU.ActiveCfg = Release|Any CPU
		{35575B5C-FADB-4F30-85BB-EFE70860ABC1}.Release|Any CPU.Build.0 = Release|Any CPU
		{35575B5C-FADB-4F30-85BB-EFE70860ABC1}.Release|x64.ActiveCfg = Release|x64
		{35575B5C-FADB-4F30-85BB-EFE70860ABC1}.Release|x64.Build.0 = Release|x64
		{561BB1DE-4F85-445A-B602-224AD537377B}.Debug|Any CPU.ActiveCfg = Debug|Any CPU
		{561BB1DE-4F85-445A-B602-224AD537377B}.Debug|Any CPU.Build.0 = Debug|Any CPU
		{561BB1DE-4F85-445A-B602-224AD537377B}.Debug|x64.ActiveCfg = Debug|x64
		{561BB1DE-4F85-445A-B602-224AD537377B}.Debug|x64.Build.0 = Debug|x64
		{561BB1DE-4F85-445A-B602-224AD537377B}.Release|Any CPU.ActiveCfg = Release|Any CPU
		{561BB1DE-4F85-445A-B602-224AD537377B}.Release|Any CPU.Build.0 = Release|Any CPU
		{561BB1DE-4F85-445A-B602-224AD537377B}.Release|x64.ActiveCfg = Release|x64
		{561BB1DE-4F85-445A-B602-224AD537377B}.Release|x64.Build.0 = Release|x64
	EndGlobalSection
	GlobalSection(SolutionProperties) = preSolution
		HideSolutionNode = FALSE
	EndGlobalSection
	GlobalSection(NestedProjects) = preSolution
		{8699A9C1-A6E2-43B7-B034-F575AB4D2C0A} = {069C67E9-B21A-4C20-9D18-562DA9326703}
		{A8AD45CF-BFB8-4F2E-B5B2-4B769E0B7862} = {069C67E9-B21A-4C20-9D18-562DA9326703}
		{3D5FFF8D-498C-4D6A-90B3-976630D82915} = {069C67E9-B21A-4C20-9D18-562DA9326703}
		{F54E9389-73E7-408F-8AA1-619497AB5B85} = {069C67E9-B21A-4C20-9D18-562DA9326703}
	EndGlobalSection
	GlobalSection(ExtensibilityGlobals) = postSolution
		SolutionGuid = {63F787CA-FC58-4CA0-AB55-E60192A099B9}
	EndGlobalSection
EndGlobal
